// !$*UTF8*$!
{
	archiveVersion = 1;
	classes = {
	};
	objectVersion = 50;
	objects = {

/* Begin PBXBuildFile section */
		26CF17D2242873660030359C /* AppDelegate.swift in Sources */ = {isa = PBXBuildFile; fileRef = 26CF17D1242873660030359C /* AppDelegate.swift */; };
		26CF17D4242873660030359C /* SceneDelegate.swift in Sources */ = {isa = PBXBuildFile; fileRef = 26CF17D3242873660030359C /* SceneDelegate.swift */; };
		26CF17D6242873660030359C /* AlbumsController.swift in Sources */ = {isa = PBXBuildFile; fileRef = 26CF17D5242873660030359C /* AlbumsController.swift */; };
		26CF17DB2428736A0030359C /* Assets.xcassets in Resources */ = {isa = PBXBuildFile; fileRef = 26CF17DA2428736A0030359C /* Assets.xcassets */; };
		26CF17DE2428736A0030359C /* LaunchScreen.storyboard in Resources */ = {isa = PBXBuildFile; fileRef = 26CF17DC2428736A0030359C /* LaunchScreen.storyboard */; };
		26CF17E92428736A0030359C /* NikeTop100Tests.swift in Sources */ = {isa = PBXBuildFile; fileRef = 26CF17E82428736A0030359C /* NikeTop100Tests.swift */; };
/* End PBXBuildFile section */

/* Begin PBXContainerItemProxy section */
		26CF17E52428736A0030359C /* PBXContainerItemProxy */ = {
			isa = PBXContainerItemProxy;
			containerPortal = 26CF17C6242873660030359C /* Project object */;
			proxyType = 1;
			remoteGlobalIDString = 26CF17CD242873660030359C;
			remoteInfo = NikeTop100;
		};
/* End PBXContainerItemProxy section */

/* Begin PBXFileReference section */
		26CF17CE242873660030359C /* NikeTop100.app */ = {isa = PBXFileReference; explicitFileType = wrapper.application; includeInIndex = 0; path = NikeTop100.app; sourceTree = BUILT_PRODUCTS_DIR; };
		26CF17D1242873660030359C /* AppDelegate.swift */ = {isa = PBXFileReference; lastKnownFileType = sourcecode.swift; path = AppDelegate.swift; sourceTree = "<group>"; };
		26CF17D3242873660030359C /* SceneDelegate.swift */ = {isa = PBXFileReference; lastKnownFileType = sourcecode.swift; path = SceneDelegate.swift; sourceTree = "<group>"; };
		26CF17D5242873660030359C /* AlbumsController.swift */ = {isa = PBXFileReference; lastKnownFileType = sourcecode.swift; path = AlbumsController.swift; sourceTree = "<group>"; };
		26CF17DA2428736A0030359C /* Assets.xcassets */ = {isa = PBXFileReference; lastKnownFileType = folder.assetcatalog; path = Assets.xcassets; sourceTree = "<group>"; };
		26CF17DD2428736A0030359C /* Base */ = {isa = PBXFileReference; lastKnownFileType = file.storyboard; name = Base; path = Base.lproj/LaunchScreen.storyboard; sourceTree = "<group>"; };
		26CF17DF2428736A0030359C /* Info.plist */ = {isa = PBXFileReference; lastKnownFileType = text.plist.xml; name = Info.plist; path = "NikeTop100/Supporting Files/Info.plist"; sourceTree = SOURCE_ROOT; };
		26CF17E42428736A0030359C /* NikeTop100Tests.xctest */ = {isa = PBXFileReference; explicitFileType = wrapper.cfbundle; includeInIndex = 0; path = NikeTop100Tests.xctest; sourceTree = BUILT_PRODUCTS_DIR; };
		26CF17E82428736A0030359C /* NikeTop100Tests.swift */ = {isa = PBXFileReference; lastKnownFileType = sourcecode.swift; path = NikeTop100Tests.swift; sourceTree = "<group>"; };
		26CF17EA2428736A0030359C /* Info.plist */ = {isa = PBXFileReference; lastKnownFileType = text.plist.xml; path = Info.plist; sourceTree = "<group>"; };
/* End PBXFileReference section */

/* Begin PBXFrameworksBuildPhase section */
		26CF17CB242873660030359C /* Frameworks */ = {
			isa = PBXFrameworksBuildPhase;
			buildActionMask = 2147483647;
			files = (
			);
			runOnlyForDeploymentPostprocessing = 0;
		};
		26CF17E12428736A0030359C /* Frameworks */ = {
			isa = PBXFrameworksBuildPhase;
			buildActionMask = 2147483647;
			files = (
			);
			runOnlyForDeploymentPostprocessing = 0;
		};
/* End PBXFrameworksBuildPhase section */

/* Begin PBXGroup section */
		26CF17C5242873660030359C = {
			isa = PBXGroup;
			children = (
				26CF17D0242873660030359C /* NikeTop100 */,
				26CF17E72428736A0030359C /* NikeTop100Tests */,
				26CF17CF242873660030359C /* Products */,
			);
			sourceTree = "<group>";
		};
		26CF17CF242873660030359C /* Products */ = {
			isa = PBXGroup;
			children = (
				26CF17CE242873660030359C /* NikeTop100.app */,
				26CF17E42428736A0030359C /* NikeTop100Tests.xctest */,
			);
			name = Products;
			sourceTree = "<group>";
		};
		26CF17D0242873660030359C /* NikeTop100 */ = {
			isa = PBXGroup;
			children = (
				26CF17F4242873900030359C /* Controllers */,
				26CF17F3242873860030359C /* Delegates */,
				26CF17F5242874380030359C /* Models */,
				26CF17F62428743E0030359C /* Networking */,
				26CF17F7242874450030359C /* Resources */,
				26CF17F82428744A0030359C /* Supporting Files */,
				26CF17F9242874540030359C /* View Models */,
				26CF17FA2428745F0030359C /* Views */,
			);
			path = NikeTop100;
			sourceTree = "<group>";
		};
		26CF17E72428736A0030359C /* NikeTop100Tests */ = {
			isa = PBXGroup;
			children = (
				26CF17E82428736A0030359C /* NikeTop100Tests.swift */,
				26CF17EA2428736A0030359C /* Info.plist */,
			);
			path = NikeTop100Tests;
			sourceTree = "<group>";
		};
		26CF17F3242873860030359C /* Delegates */ = {
			isa = PBXGroup;
			children = (
				26CF17D1242873660030359C /* AppDelegate.swift */,
				26CF17D3242873660030359C /* SceneDelegate.swift */,
			);
			path = Delegates;
			sourceTree = "<group>";
		};
		26CF17F4242873900030359C /* Controllers */ = {
			isa = PBXGroup;
			children = (
				26CF17D5242873660030359C /* AlbumsController.swift */,
			);
			path = Controllers;
			sourceTree = "<group>";
		};
		26CF17F5242874380030359C /* Models */ = {
			isa = PBXGroup;
			children = (
			);
			path = Models;
			sourceTree = "<group>";
		};
		26CF17F62428743E0030359C /* Networking */ = {
			isa = PBXGroup;
			children = (
			);
			path = Networking;
			sourceTree = "<group>";
		};
		26CF17F7242874450030359C /* Resources */ = {
			isa = PBXGroup;
			children = (
				26CF17DA2428736A0030359C /* Assets.xcassets */,
			);
			path = Resources;
			sourceTree = "<group>";
		};
		26CF17F82428744A0030359C /* Supporting Files */ = {
			isa = PBXGroup;
			children = (
				26CF17DF2428736A0030359C /* Info.plist */,
				26CF17DC2428736A0030359C /* LaunchScreen.storyboard */,
			);
			path = "Supporting Files";
			sourceTree = "<group>";
		};
		26CF17F9242874540030359C /* View Models */ = {
			isa = PBXGroup;
			children = (
			);
			path = "View Models";
			sourceTree = "<group>";
		};
		26CF17FA2428745F0030359C /* Views */ = {
			isa = PBXGroup;
			children = (
			);
			path = Views;
			sourceTree = "<group>";
		};
/* End PBXGroup section */

/* Begin PBXNativeTarget section */
		26CF17CD242873660030359C /* NikeTop100 */ = {
			isa = PBXNativeTarget;
			buildConfigurationList = 26CF17ED2428736A0030359C /* Build configuration list for PBXNativeTarget "NikeTop100" */;
			buildPhases = (
				26CF17CA242873660030359C /* Sources */,
				26CF17CB242873660030359C /* Frameworks */,
				26CF17CC242873660030359C /* Resources */,
			);
			buildRules = (
			);
			dependencies = (
			);
			name = NikeTop100;
			productName = NikeTop100;
			productReference = 26CF17CE242873660030359C /* NikeTop100.app */;
			productType = "com.apple.product-type.application";
		};
		26CF17E32428736A0030359C /* NikeTop100Tests */ = {
			isa = PBXNativeTarget;
			buildConfigurationList = 26CF17F02428736A0030359C /* Build configuration list for PBXNativeTarget "NikeTop100Tests" */;
			buildPhases = (
				26CF17E02428736A0030359C /* Sources */,
				26CF17E12428736A0030359C /* Frameworks */,
				26CF17E22428736A0030359C /* Resources */,
			);
			buildRules = (
			);
			dependencies = (
				26CF17E62428736A0030359C /* PBXTargetDependency */,
			);
			name = NikeTop100Tests;
			productName = NikeTop100Tests;
			productReference = 26CF17E42428736A0030359C /* NikeTop100Tests.xctest */;
			productType = "com.apple.product-type.bundle.unit-test";
		};
/* End PBXNativeTarget section */

/* Begin PBXProject section */
		26CF17C6242873660030359C /* Project object */ = {
			isa = PBXProject;
			attributes = {
				LastSwiftUpdateCheck = 1130;
				LastUpgradeCheck = 1130;
				ORGANIZATIONNAME = Pixelhacker;
				TargetAttributes = {
					26CF17CD242873660030359C = {
						CreatedOnToolsVersion = 11.3.1;
					};
					26CF17E32428736A0030359C = {
						CreatedOnToolsVersion = 11.3.1;
						TestTargetID = 26CF17CD242873660030359C;
					};
				};
			};
			buildConfigurationList = 26CF17C9242873660030359C /* Build configuration list for PBXProject "NikeTop100" */;
			compatibilityVersion = "Xcode 9.3";
			developmentRegion = en;
			hasScannedForEncodings = 0;
			knownRegions = (
				en,
				Base,
			);
			mainGroup = 26CF17C5242873660030359C;
			productRefGroup = 26CF17CF242873660030359C /* Products */;
			projectDirPath = "";
			projectRoot = "";
			targets = (
				26CF17CD242873660030359C /* NikeTop100 */,
				26CF17E32428736A0030359C /* NikeTop100Tests */,
			);
		};
/* End PBXProject section */

/* Begin PBXResourcesBuildPhase section */
		26CF17CC242873660030359C /* Resources */ = {
			isa = PBXResourcesBuildPhase;
			buildActionMask = 2147483647;
			files = (
				26CF17DE2428736A0030359C /* LaunchScreen.storyboard in Resources */,
				26CF17DB2428736A0030359C /* Assets.xcassets in Resources */,
			);
			runOnlyForDeploymentPostprocessing = 0;
		};
		26CF17E22428736A0030359C /* Resources */ = {
			isa = PBXResourcesBuildPhase;
			buildActionMask = 2147483647;
			files = (
			);
			runOnlyForDeploymentPostprocessing = 0;
		};
/* End PBXResourcesBuildPhase section */

/* Begin PBXSourcesBuildPhase section */
		26CF17CA242873660030359C /* Sources */ = {
			isa = PBXSourcesBuildPhase;
			buildActionMask = 2147483647;
			files = (
				26CF17D6242873660030359C /* AlbumsController.swift in Sources */,
				26CF17D2242873660030359C /* AppDelegate.swift in Sources */,
				26CF17D4242873660030359C /* SceneDelegate.swift in Sources */,
			);
			runOnlyForDeploymentPostprocessing = 0;
		};
		26CF17E02428736A0030359C /* Sources */ = {
			isa = PBXSourcesBuildPhase;
			buildActionMask = 2147483647;
			files = (
				26CF17E92428736A0030359C /* NikeTop100Tests.swift in Sources */,
			);
			runOnlyForDeploymentPostprocessing = 0;
		};
/* End PBXSourcesBuildPhase section */

/* Begin PBXTargetDependency section */
		26CF17E62428736A0030359C /* PBXTargetDependency */ = {
			isa = PBXTargetDependency;
			target = 26CF17CD242873660030359C /* NikeTop100 */;
			targetProxy = 26CF17E52428736A0030359C /* PBXContainerItemProxy */;
		};
/* End PBXTargetDependency section */

/* Begin PBXVariantGroup section */
		26CF17DC2428736A0030359C /* LaunchScreen.storyboard */ = {
			isa = PBXVariantGroup;
			children = (
				26CF17DD2428736A0030359C /* Base */,
			);
			name = LaunchScreen.storyboard;
			sourceTree = "<group>";
		};
/* End PBXVariantGroup section */

/* Begin XCBuildConfiguration section */
		26CF17EB2428736A0030359C /* Debug */ = {
			isa = XCBuildConfiguration;
			buildSettings = {
				ALWAYS_SEARCH_USER_PATHS = NO;
				CLANG_ANALYZER_NONNULL = YES;
				CLANG_ANALYZER_NUMBER_OBJECT_CONVERSION = YES_AGGRESSIVE;
				CLANG_CXX_LANGUAGE_STANDARD = "gnu++14";
				CLANG_CXX_LIBRARY = "libc++";
				CLANG_ENABLE_MODULES = YES;
				CLANG_ENABLE_OBJC_ARC = YES;
				CLANG_ENABLE_OBJC_WEAK = YES;
				CLANG_WARN_BLOCK_CAPTURE_AUTORELEASING = YES;
				CLANG_WARN_BOOL_CONVERSION = YES;
				CLANG_WARN_COMMA = YES;
				CLANG_WARN_CONSTANT_CONVERSION = YES;
				CLANG_WARN_DEPRECATED_OBJC_IMPLEMENTATIONS = YES;
				CLANG_WARN_DIRECT_OBJC_ISA_USAGE = YES_ERROR;
				CLANG_WARN_DOCUMENTATION_COMMENTS = YES;
				CLANG_WARN_EMPTY_BODY = YES;
				CLANG_WARN_ENUM_CONVERSION = YES;
				CLANG_WARN_INFINITE_RECURSION = YES;
				CLANG_WARN_INT_CONVERSION = YES;
				CLANG_WARN_NON_LITERAL_NULL_CONVERSION = YES;
				CLANG_WARN_OBJC_IMPLICIT_RETAIN_SELF = YES;
				CLANG_WARN_OBJC_LITERAL_CONVERSION = YES;
				CLANG_WARN_OBJC_ROOT_CLASS = YES_ERROR;
				CLANG_WARN_RANGE_LOOP_ANALYSIS = YES;
				CLANG_WARN_STRICT_PROTOTYPES = YES;
				CLANG_WARN_SUSPICIOUS_MOVE = YES;
				CLANG_WARN_UNGUARDED_AVAILABILITY = YES_AGGRESSIVE;
				CLANG_WARN_UNREACHABLE_CODE = YES;
				CLANG_WARN__DUPLICATE_METHOD_MATCH = YES;
				COPY_PHASE_STRIP = NO;
				DEBUG_INFORMATION_FORMAT = dwarf;
				ENABLE_STRICT_OBJC_MSGSEND = YES;
				ENABLE_TESTABILITY = YES;
				GCC_C_LANGUAGE_STANDARD = gnu11;
				GCC_DYNAMIC_NO_PIC = NO;
				GCC_NO_COMMON_BLOCKS = YES;
				GCC_OPTIMIZATION_LEVEL = 0;
				GCC_PREPROCESSOR_DEFINITIONS = (
					"DEBUG=1",
					"$(inherited)",
				);
				GCC_WARN_64_TO_32_BIT_CONVERSION = YES;
				GCC_WARN_ABOUT_RETURN_TYPE = YES_ERROR;
				GCC_WARN_UNDECLARED_SELECTOR = YES;
				GCC_WARN_UNINITIALIZED_AUTOS = YES_AGGRESSIVE;
				GCC_WARN_UNUSED_FUNCTION = YES;
				GCC_WARN_UNUSED_VARIABLE = YES;
				IPHONEOS_DEPLOYMENT_TARGET = 13.2;
				MTL_ENABLE_DEBUG_INFO = INCLUDE_SOURCE;
				MTL_FAST_MATH = YES;
				ONLY_ACTIVE_ARCH = YES;
				SDKROOT = iphoneos;
				SWIFT_ACTIVE_COMPILATION_CONDITIONS = DEBUG;
				SWIFT_OPTIMIZATION_LEVEL = "-Onone";
			};
			name = Debug;
		};
		26CF17EC2428736A0030359C /* Release */ = {
			isa = XCBuildConfiguration;
			buildSettings = {
				ALWAYS_SEARCH_USER_PATHS = NO;
				CLANG_ANALYZER_NONNULL = YES;
				CLANG_ANALYZER_NUMBER_OBJECT_CONVERSION = YES_AGGRESSIVE;
				CLANG_CXX_LANGUAGE_STANDARD = "gnu++14";
				CLANG_CXX_LIBRARY = "libc++";
				CLANG_ENABLE_MODULES = YES;
				CLANG_ENABLE_OBJC_ARC = YES;
				CLANG_ENABLE_OBJC_WEAK = YES;
				CLANG_WARN_BLOCK_CAPTURE_AUTORELEASING = YES;
				CLANG_WARN_BOOL_CONVERSION = YES;
				CLANG_WARN_COMMA = YES;
				CLANG_WARN_CONSTANT_CONVERSION = YES;
				CLANG_WARN_DEPRECATED_OBJC_IMPLEMENTATIONS = YES;
				CLANG_WARN_DIRECT_OBJC_ISA_USAGE = YES_ERROR;
				CLANG_WARN_DOCUMENTATION_COMMENTS = YES;
				CLANG_WARN_EMPTY_BODY = YES;
				CLANG_WARN_ENUM_CONVERSION = YES;
				CLANG_WARN_INFINITE_RECURSION = YES;
				CLANG_WARN_INT_CONVERSION = YES;
				CLANG_WARN_NON_LITERAL_NULL_CONVERSION = YES;
				CLANG_WARN_OBJC_IMPLICIT_RETAIN_SELF = YES;
				CLANG_WARN_OBJC_LITERAL_CONVERSION = YES;
				CLANG_WARN_OBJC_ROOT_CLASS = YES_ERROR;
				CLANG_WARN_RANGE_LOOP_ANALYSIS = YES;
				CLANG_WARN_STRICT_PROTOTYPES = YES;
				CLANG_WARN_SUSPICIOUS_MOVE = YES;
				CLANG_WARN_UNGUARDED_AVAILABILITY = YES_AGGRESSIVE;
				CLANG_WARN_UNREACHABLE_CODE = YES;
				CLANG_WARN__DUPLICATE_METHOD_MATCH = YES;
				COPY_PHASE_STRIP = NO;
				DEBUG_INFORMATION_FORMAT = "dwarf-with-dsym";
				ENABLE_NS_ASSERTIONS = NO;
				ENABLE_STRICT_OBJC_MSGSEND = YES;
				GCC_C_LANGUAGE_STANDARD = gnu11;
				GCC_NO_COMMON_BLOCKS = YES;
				GCC_WARN_64_TO_32_BIT_CONVERSION = YES;
				GCC_WARN_ABOUT_RETURN_TYPE = YES_ERROR;
				GCC_WARN_UNDECLARED_SELECTOR = YES;
				GCC_WARN_UNINITIALIZED_AUTOS = YES_AGGRESSIVE;
				GCC_WARN_UNUSED_FUNCTION = YES;
				GCC_WARN_UNUSED_VARIABLE = YES;
				IPHONEOS_DEPLOYMENT_TARGET = 13.2;
				MTL_ENABLE_DEBUG_INFO = NO;
				MTL_FAST_MATH = YES;
				SDKROOT = iphoneos;
				SWIFT_COMPILATION_MODE = wholemodule;
				SWIFT_OPTIMIZATION_LEVEL = "-O";
				VALIDATE_PRODUCT = YES;
			};
			name = Release;
		};
		26CF17EE2428736A0030359C /* Debug */ = {
			isa = XCBuildConfiguration;
			buildSettings = {
				ASSETCATALOG_COMPILER_APPICON_NAME = AppIcon;
				CODE_SIGN_STYLE = Automatic;
				DEVELOPMENT_TEAM = 4EQ967M39G;
				INFOPLIST_FILE = "NikeTop100/Supporting Files/Info.plist";
				LD_RUNPATH_SEARCH_PATHS = (
					"$(inherited)",
					"@executable_path/Frameworks",
				);
				PRODUCT_BUNDLE_IDENTIFIER = com.pixelhacker.NikeTop100;
				PRODUCT_NAME = "$(TARGET_NAME)";
				SWIFT_VERSION = 5.0;
				TARGETED_DEVICE_FAMILY = 1;
			};
			name = Debug;
		};
		26CF17EF2428736A0030359C /* Release */ = {
			isa = XCBuildConfiguration;
			buildSettings = {
				ASSETCATALOG_COMPILER_APPICON_NAME = AppIcon;
				CODE_SIGN_STYLE = Automatic;
				DEVELOPMENT_TEAM = 4EQ967M39G;
				INFOPLIST_FILE = "NikeTop100/Supporting Files/Info.plist";
				LD_RUNPATH_SEARCH_PATHS = (
					"$(inherited)",
					"@executable_path/Frameworks",
				);
				PRODUCT_BUNDLE_IDENTIFIER = com.pixelhacker.NikeTop100;
				PRODUCT_NAME = "$(TARGET_NAME)";
				SWIFT_VERSION = 5.0;
				TARGETED_DEVICE_FAMILY = 1;
			};
			name = Release;
		};
		26CF17F12428736A0030359C /* Debug */ = {
			isa = XCBuildConfiguration;
			buildSettings = {
				ALWAYS_EMBED_SWIFT_STANDARD_LIBRARIES = YES;
				BUNDLE_LOADER = "$(TEST_HOST)";
				CODE_SIGN_STYLE = Automatic;
				DEVELOPMENT_TEAM = 4EQ967M39G;
				INFOPLIST_FILE = NikeTop100Tests/Info.plist;
				IPHONEOS_DEPLOYMENT_TARGET = 13.2;
				LD_RUNPATH_SEARCH_PATHS = (
					"$(inherited)",
					"@executable_path/Frameworks",
					"@loader_path/Frameworks",
				);
				PRODUCT_BUNDLE_IDENTIFIER = com.pixelhacker.NikeTop100Tests;
				PRODUCT_NAME = "$(TARGET_NAME)";
				SWIFT_VERSION = 5.0;
				TARGETED_DEVICE_FAMILY = "1,2";
				TEST_HOST = "$(BUILT_PRODUCTS_DIR)/NikeTop100.app/NikeTop100";
			};
			name = Debug;
		};
		26CF17F22428736A0030359C /* Release */ = {
			isa = XCBuildConfiguration;
			buildSettings = {
				ALWAYS_EMBED_SWIFT_STANDARD_LIBRARIES = YES;
				BUNDLE_LOADER = "$(TEST_HOST)";
				CODE_SIGN_STYLE = Automatic;
				DEVELOPMENT_TEAM = 4EQ967M39G;
				INFOPLIST_FILE = NikeTop100Tests/Info.plist;
				IPHONEOS_DEPLOYMENT_TARGET = 13.2;
				LD_RUNPATH_SEARCH_PATHS = (
					"$(inherited)",
					"@executable_path/Frameworks",
					"@loader_path/Frameworks",
				);
				PRODUCT_BUNDLE_IDENTIFIER = com.pixelhacker.NikeTop100Tests;
				PRODUCT_NAME = "$(TARGET_NAME)";
				SWIFT_VERSION = 5.0;
				TARGETED_DEVICE_FAMILY = "1,2";
				TEST_HOST = "$(BUILT_PRODUCTS_DIR)/NikeTop100.app/NikeTop100";
			};
			name = Release;
		};
/* End XCBuildConfiguration section */

/* Begin XCConfigurationList section */
		26CF17C9242873660030359C /* Build configuration list for PBXProject "NikeTop100" */ = {
			isa = XCConfigurationList;
			buildConfigurations = (
				26CF17EB2428736A0030359C /* Debug */,
				26CF17EC2428736A0030359C /* Release */,
			);
			defaultConfigurationIsVisible = 0;
			defaultConfigurationName = Release;
		};
		26CF17ED2428736A0030359C /* Build configuration list for PBXNativeTarget "NikeTop100" */ = {
			isa = XCConfigurationList;
			buildConfigurations = (
				26CF17EE2428736A0030359C /* Debug */,
				26CF17EF2428736A0030359C /* Release */,
			);
			defaultConfigurationIsVisible = 0;
			defaultConfigurationName = Release;
		};
		26CF17F02428736A0030359C /* Build configuration list for PBXNativeTarget "NikeTop100Tests" */ = {
			isa = XCConfigurationList;
			buildConfigurations = (
				26CF17F12428736A0030359C /* Debug */,
				26CF17F22428736A0030359C /* Release */,
			);
			defaultConfigurationIsVisible = 0;
			defaultConfigurationName = Release;
		};
/* End XCConfigurationList section */
	};
	rootObject = 26CF17C6242873660030359C /* Project object */;
}
